
Microsoft Visual Studio Solution File, Format Version 12.00
# Visual Studio 14
VisualStudioVersion = 14.0.25420.1
MinimumVisualStudioVersion = 10.0.40219.1
Project("{2150E333-8FDC-42A3-9474-1A3956D46DE8}") = "src", "src", "{274EDF62-F1D0-4108-85B0-D445CE856CE2}"
EndProject
Project("{2150E333-8FDC-42A3-9474-1A3956D46DE8}") = "Solution Items", "Solution Items", "{514C3461-B8A2-44E6-80B3-05C97F4104AB}"
	ProjectSection(SolutionItems) = preProject
		global.json = global.json
	EndProjectSection
EndProject
Project("{8BB2217D-0F2D-49D1-97BC-3654ED321F3B}") = "TestProject", "src\TestProject\TestProject.xproj", "{771255F0-11DA-46DE-9069-993768407246}"
EndProject
Global
	GlobalSection(SolutionConfigurationPlatforms) = preSolution
		Debug|Any CPU = Debug|Any CPU
		Release|Any CPU = Release|Any CPU
	EndGlobalSection
	GlobalSection(ProjectConfigurationPlatforms) = postSolution
		{771255F0-11DA-46DE-9069-993768407246}.Debug|Any CPU.ActiveCfg = Debug|Any CPU
		{771255F0-11DA-46DE-9069-993768407246}.Debug|Any CPU.Build.0 = Debug|Any CPU
		{771255F0-11DA-46DE-9069-993768407246}.Release|Any CPU.ActiveCfg = Release|Any CPU
		{771255F0-11DA-46DE-9069-993768407246}.Release|Any CPU.Build.0 = Release|Any CPU
	EndGlobalSection
	GlobalSection(SolutionProperties) = preSolution
		HideSolutionNode = FALSE
	EndGlobalSection
	GlobalSection(NestedProjects) = preSolution
		{771255F0-11DA-46DE-9069-993768407246} = {274EDF62-F1D0-4108-85B0-D445CE856CE2}
	EndGlobalSection
EndGlobal
